// !$*UTF8*$!
{
	archiveVersion = 1;
	classes = {
	};
	objectVersion = 50;
	objects = {

/* Begin PBXBuildFile section */
		2FEFCFE05C544B96A1992228 /* Pods_Mini_TokopediaTests.framework in Frameworks */ = {isa = PBXBuildFile; fileRef = D15165573D3C200E5F25DE09 /* Pods_Mini_TokopediaTests.framework */; };
		AE4AEC35C9476229E34432BD /* Pods_Mini_Tokopedia.framework in Frameworks */ = {isa = PBXBuildFile; fileRef = CD57ADB901060796551D599A /* Pods_Mini_Tokopedia.framework */; };
		FE2DDB04209840BE00F800C5 /* UIImageView+Utils.swift in Sources */ = {isa = PBXBuildFile; fileRef = FE2DDB03209840BE00F800C5 /* UIImageView+Utils.swift */; };
		FE2DDB062098412200F800C5 /* ViewUtils.swift in Sources */ = {isa = PBXBuildFile; fileRef = FE2DDB052098412200F800C5 /* ViewUtils.swift */; };
		FE2DDB09209841E300F800C5 /* MainViewModelTest.swift in Sources */ = {isa = PBXBuildFile; fileRef = FE2DDB08209841E300F800C5 /* MainViewModelTest.swift */; };
		FE88ADC22099373300DDA696 /* FilterInfo.swift in Sources */ = {isa = PBXBuildFile; fileRef = FE88ADC12099373300DDA696 /* FilterInfo.swift */; };
		FE88ADC42099379E00DDA696 /* NSNumber+Utils.swift in Sources */ = {isa = PBXBuildFile; fileRef = FE88ADC32099379E00DDA696 /* NSNumber+Utils.swift */; };
		FE88ADC620996B1400DDA696 /* ShopTypeViewController.swift in Sources */ = {isa = PBXBuildFile; fileRef = FE88ADC520996B1400DDA696 /* ShopTypeViewController.swift */; };
		FE88ADC82099859E00DDA696 /* FilterViewModel.swift in Sources */ = {isa = PBXBuildFile; fileRef = FE88ADC72099859E00DDA696 /* FilterViewModel.swift */; };
		FE88ADCA209988DA00DDA696 /* FilterViewModelTest.swift in Sources */ = {isa = PBXBuildFile; fileRef = FE88ADC9209988DA00DDA696 /* FilterViewModelTest.swift */; };
		FE88ADCD209991DC00DDA696 /* ShopTypeCollectionViewCell.swift in Sources */ = {isa = PBXBuildFile; fileRef = FE88ADCB209991DC00DDA696 /* ShopTypeCollectionViewCell.swift */; };
		FE88ADCE209991DC00DDA696 /* ShopTypeCollectionViewCell.xib in Resources */ = {isa = PBXBuildFile; fileRef = FE88ADCC209991DC00DDA696 /* ShopTypeCollectionViewCell.xib */; };
		FE88ADD02099B0A400DDA696 /* DisplaySearchResultMock.swift in Sources */ = {isa = PBXBuildFile; fileRef = FE88ADCF2099B0A400DDA696 /* DisplaySearchResultMock.swift */; };
		FEBC9D902098B66A00B56220 /* FilterViewController.swift in Sources */ = {isa = PBXBuildFile; fileRef = FEBC9D8F2098B66A00B56220 /* FilterViewController.swift */; };
		FEDF449E2097D23000968E32 /* ApiResponseTestUtil.swift in Sources */ = {isa = PBXBuildFile; fileRef = FEDF449D2097D23000968E32 /* ApiResponseTestUtil.swift */; };
		FEDF44A12097DC2A00968E32 /* DisplaySearchResultTest.swift in Sources */ = {isa = PBXBuildFile; fileRef = FEDF44A02097DC2A00968E32 /* DisplaySearchResultTest.swift */; };
		FEDF44A32097DD0300968E32 /* DisplaySearchResult.swift in Sources */ = {isa = PBXBuildFile; fileRef = FEDF44A22097DD0300968E32 /* DisplaySearchResult.swift */; };
		FEDF44A52097DE0400968E32 /* Product.swift in Sources */ = {isa = PBXBuildFile; fileRef = FEDF44A42097DE0400968E32 /* Product.swift */; };
		FEDF44A92097E57100968E32 /* ProductListResponse+Converter.swift in Sources */ = {isa = PBXBuildFile; fileRef = FEDF44A82097E57100968E32 /* ProductListResponse+Converter.swift */; };
		FEDF44AB2097E5C500968E32 /* ProductResponse+Converter.swift in Sources */ = {isa = PBXBuildFile; fileRef = FEDF44AA2097E5C500968E32 /* ProductResponse+Converter.swift */; };
		FEDF44AE2097E74600968E32 /* Date+Utils.swift in Sources */ = {isa = PBXBuildFile; fileRef = FEDF44AD2097E74600968E32 /* Date+Utils.swift */; };
		FEDF44B02097E7AE00968E32 /* Label.swift in Sources */ = {isa = PBXBuildFile; fileRef = FEDF44AF2097E7AE00968E32 /* Label.swift */; };
		FEDF44B22097E80500968E32 /* Badge.swift in Sources */ = {isa = PBXBuildFile; fileRef = FEDF44B12097E80500968E32 /* Badge.swift */; };
		FEDF44B42097E83D00968E32 /* Shop.swift in Sources */ = {isa = PBXBuildFile; fileRef = FEDF44B32097E83D00968E32 /* Shop.swift */; };
		FEDF44B62097E8AC00968E32 /* WholesalePrice.swift in Sources */ = {isa = PBXBuildFile; fileRef = FEDF44B52097E8AC00968E32 /* WholesalePrice.swift */; };
		FEDF44B92097F0B400968E32 /* ProductViewParam.swift in Sources */ = {isa = PBXBuildFile; fileRef = FEDF44B82097F0B400968E32 /* ProductViewParam.swift */; };
		FEDF44BB2097F81400968E32 /* ProductApiServiceMock.swift in Sources */ = {isa = PBXBuildFile; fileRef = FEDF44BA2097F81400968E32 /* ProductApiServiceMock.swift */; };
		FEDF44BE209804E700968E32 /* MainViewModel.swift in Sources */ = {isa = PBXBuildFile; fileRef = FEDF44BD209804E700968E32 /* MainViewModel.swift */; };
		FEDF44C1209809CD00968E32 /* ProductCollectionViewCell.swift in Sources */ = {isa = PBXBuildFile; fileRef = FEDF44BF209809CD00968E32 /* ProductCollectionViewCell.swift */; };
		FEDF44C2209809CD00968E32 /* ProductCollectionViewCell.xib in Resources */ = {isa = PBXBuildFile; fileRef = FEDF44C0209809CD00968E32 /* ProductCollectionViewCell.xib */; };
		FEFD8DC5209738FF005CD40F /* AppDelegate.swift in Sources */ = {isa = PBXBuildFile; fileRef = FEFD8DC4209738FF005CD40F /* AppDelegate.swift */; };
		FEFD8DCA209738FF005CD40F /* Main.storyboard in Resources */ = {isa = PBXBuildFile; fileRef = FEFD8DC8209738FF005CD40F /* Main.storyboard */; };
		FEFD8DCC20973900005CD40F /* Assets.xcassets in Resources */ = {isa = PBXBuildFile; fileRef = FEFD8DCB20973900005CD40F /* Assets.xcassets */; };
		FEFD8DCF20973900005CD40F /* LaunchScreen.storyboard in Resources */ = {isa = PBXBuildFile; fileRef = FEFD8DCD20973900005CD40F /* LaunchScreen.storyboard */; };
		FEFD8DEB20973D35005CD40F /* SwinjectStoryboard+Setup.swift in Sources */ = {isa = PBXBuildFile; fileRef = FEFD8DEA20973D35005CD40F /* SwinjectStoryboard+Setup.swift */; };
		FEFD8DF120974242005CD40F /* ApiClient.swift in Sources */ = {isa = PBXBuildFile; fileRef = FEFD8DF020974242005CD40F /* ApiClient.swift */; };
		FEFD8DF420974922005CD40F /* ApiClientTest.swift in Sources */ = {isa = PBXBuildFile; fileRef = FEFD8DF320974922005CD40F /* ApiClientTest.swift */; };
		FEFD8DF72097587E005CD40F /* ProductApiService.swift in Sources */ = {isa = PBXBuildFile; fileRef = FEFD8DF62097587E005CD40F /* ProductApiService.swift */; };
		FEFD8DF92097592A005CD40F /* ProductResponse.swift in Sources */ = {isa = PBXBuildFile; fileRef = FEFD8DF82097592A005CD40F /* ProductResponse.swift */; };
		FEFD8DFB20975CE8005CD40F /* ProductListResponse.swift in Sources */ = {isa = PBXBuildFile; fileRef = FEFD8DFA20975CE8005CD40F /* ProductListResponse.swift */; };
		FEFD8DFD20975E07005CD40F /* StatusResponse.swift in Sources */ = {isa = PBXBuildFile; fileRef = FEFD8DFC20975E07005CD40F /* StatusResponse.swift */; };
		FEFD8DFF20975E22005CD40F /* HeaderResponse.swift in Sources */ = {isa = PBXBuildFile; fileRef = FEFD8DFE20975E22005CD40F /* HeaderResponse.swift */; };
		FEFD8E0120976844005CD40F /* WholesalePriceResponse.swift in Sources */ = {isa = PBXBuildFile; fileRef = FEFD8E0020976844005CD40F /* WholesalePriceResponse.swift */; };
		FEFD8E04209768ED005CD40F /* CategoryListResponse.swift in Sources */ = {isa = PBXBuildFile; fileRef = FEFD8E03209768ED005CD40F /* CategoryListResponse.swift */; };
		FEFD8E0620976A14005CD40F /* ShopResponse.swift in Sources */ = {isa = PBXBuildFile; fileRef = FEFD8E0520976A14005CD40F /* ShopResponse.swift */; };
		FEFD8E0820976E75005CD40F /* LabelResponse.swift in Sources */ = {isa = PBXBuildFile; fileRef = FEFD8E0720976E75005CD40F /* LabelResponse.swift */; };
		FEFD8E0A209770EF005CD40F /* BadgeResponse.swift in Sources */ = {isa = PBXBuildFile; fileRef = FEFD8E09209770EF005CD40F /* BadgeResponse.swift */; };
		FEFD8E1020977DF1005CD40F /* MainViewController.swift in Sources */ = {isa = PBXBuildFile; fileRef = FEFD8E0F20977DF1005CD40F /* MainViewController.swift */; };
		FEFD8E122097903F005CD40F /* CategoryResponse.swift in Sources */ = {isa = PBXBuildFile; fileRef = FEFD8E112097903F005CD40F /* CategoryResponse.swift */; };
		FEFD8E152097CE56005CD40F /* ProductApiServiceTest.swift in Sources */ = {isa = PBXBuildFile; fileRef = FEFD8E142097CE56005CD40F /* ProductApiServiceTest.swift */; };
/* End PBXBuildFile section */

/* Begin PBXContainerItemProxy section */
		FEFD8DD620973900005CD40F /* PBXContainerItemProxy */ = {
			isa = PBXContainerItemProxy;
			containerPortal = FEFD8DB9209738FF005CD40F /* Project object */;
			proxyType = 1;
			remoteGlobalIDString = FEFD8DC0209738FF005CD40F;
			remoteInfo = "Mini-Tokopedia";
		};
/* End PBXContainerItemProxy section */

/* Begin PBXFileReference section */
		83A02C586B2EC503F1D06918 /* Pods-Mini-Tokopedia.debug.xcconfig */ = {isa = PBXFileReference; includeInIndex = 1; lastKnownFileType = text.xcconfig; name = "Pods-Mini-Tokopedia.debug.xcconfig"; path = "Pods/Target Support Files/Pods-Mini-Tokopedia/Pods-Mini-Tokopedia.debug.xcconfig"; sourceTree = "<group>"; };
		CD57ADB901060796551D599A /* Pods_Mini_Tokopedia.framework */ = {isa = PBXFileReference; explicitFileType = wrapper.framework; includeInIndex = 0; path = Pods_Mini_Tokopedia.framework; sourceTree = BUILT_PRODUCTS_DIR; };
		D15165573D3C200E5F25DE09 /* Pods_Mini_TokopediaTests.framework */ = {isa = PBXFileReference; explicitFileType = wrapper.framework; includeInIndex = 0; path = Pods_Mini_TokopediaTests.framework; sourceTree = BUILT_PRODUCTS_DIR; };
		E0CAB26BC181D9DAA983F3EC /* Pods-Mini-TokopediaTests.release.xcconfig */ = {isa = PBXFileReference; includeInIndex = 1; lastKnownFileType = text.xcconfig; name = "Pods-Mini-TokopediaTests.release.xcconfig"; path = "Pods/Target Support Files/Pods-Mini-TokopediaTests/Pods-Mini-TokopediaTests.release.xcconfig"; sourceTree = "<group>"; };
		EA0E2549CC4348C00CECA740 /* Pods-Mini-TokopediaTests.debug.xcconfig */ = {isa = PBXFileReference; includeInIndex = 1; lastKnownFileType = text.xcconfig; name = "Pods-Mini-TokopediaTests.debug.xcconfig"; path = "Pods/Target Support Files/Pods-Mini-TokopediaTests/Pods-Mini-TokopediaTests.debug.xcconfig"; sourceTree = "<group>"; };
		FAD85B4EA9F5ED1258CBB542 /* Pods-Mini-Tokopedia.release.xcconfig */ = {isa = PBXFileReference; includeInIndex = 1; lastKnownFileType = text.xcconfig; name = "Pods-Mini-Tokopedia.release.xcconfig"; path = "Pods/Target Support Files/Pods-Mini-Tokopedia/Pods-Mini-Tokopedia.release.xcconfig"; sourceTree = "<group>"; };
		FE2DDB03209840BE00F800C5 /* UIImageView+Utils.swift */ = {isa = PBXFileReference; lastKnownFileType = sourcecode.swift; path = "UIImageView+Utils.swift"; sourceTree = "<group>"; };
		FE2DDB052098412200F800C5 /* ViewUtils.swift */ = {isa = PBXFileReference; lastKnownFileType = sourcecode.swift; path = ViewUtils.swift; sourceTree = "<group>"; };
		FE2DDB08209841E300F800C5 /* MainViewModelTest.swift */ = {isa = PBXFileReference; lastKnownFileType = sourcecode.swift; path = MainViewModelTest.swift; sourceTree = "<group>"; };
		FE88ADC12099373300DDA696 /* FilterInfo.swift */ = {isa = PBXFileReference; lastKnownFileType = sourcecode.swift; path = FilterInfo.swift; sourceTree = "<group>"; };
		FE88ADC32099379E00DDA696 /* NSNumber+Utils.swift */ = {isa = PBXFileReference; lastKnownFileType = sourcecode.swift; path = "NSNumber+Utils.swift"; sourceTree = "<group>"; };
		FE88ADC520996B1400DDA696 /* ShopTypeViewController.swift */ = {isa = PBXFileReference; lastKnownFileType = sourcecode.swift; path = ShopTypeViewController.swift; sourceTree = "<group>"; };
		FE88ADC72099859E00DDA696 /* FilterViewModel.swift */ = {isa = PBXFileReference; lastKnownFileType = sourcecode.swift; path = FilterViewModel.swift; sourceTree = "<group>"; };
		FE88ADC9209988DA00DDA696 /* FilterViewModelTest.swift */ = {isa = PBXFileReference; lastKnownFileType = sourcecode.swift; path = FilterViewModelTest.swift; sourceTree = "<group>"; };
		FE88ADCB209991DC00DDA696 /* ShopTypeCollectionViewCell.swift */ = {isa = PBXFileReference; lastKnownFileType = sourcecode.swift; path = ShopTypeCollectionViewCell.swift; sourceTree = "<group>"; };
		FE88ADCC209991DC00DDA696 /* ShopTypeCollectionViewCell.xib */ = {isa = PBXFileReference; lastKnownFileType = file.xib; path = ShopTypeCollectionViewCell.xib; sourceTree = "<group>"; };
		FE88ADCF2099B0A400DDA696 /* DisplaySearchResultMock.swift */ = {isa = PBXFileReference; lastKnownFileType = sourcecode.swift; path = DisplaySearchResultMock.swift; sourceTree = "<group>"; };
		FEBC9D8F2098B66A00B56220 /* FilterViewController.swift */ = {isa = PBXFileReference; lastKnownFileType = sourcecode.swift; path = FilterViewController.swift; sourceTree = "<group>"; };
		FEDF449D2097D23000968E32 /* ApiResponseTestUtil.swift */ = {isa = PBXFileReference; lastKnownFileType = sourcecode.swift; path = ApiResponseTestUtil.swift; sourceTree = "<group>"; };
		FEDF44A02097DC2A00968E32 /* DisplaySearchResultTest.swift */ = {isa = PBXFileReference; lastKnownFileType = sourcecode.swift; path = DisplaySearchResultTest.swift; sourceTree = "<group>"; };
		FEDF44A22097DD0300968E32 /* DisplaySearchResult.swift */ = {isa = PBXFileReference; lastKnownFileType = sourcecode.swift; path = DisplaySearchResult.swift; sourceTree = "<group>"; };
		FEDF44A42097DE0400968E32 /* Product.swift */ = {isa = PBXFileReference; lastKnownFileType = sourcecode.swift; path = Product.swift; sourceTree = "<group>"; };
		FEDF44A82097E57100968E32 /* ProductListResponse+Converter.swift */ = {isa = PBXFileReference; lastKnownFileType = sourcecode.swift; path = "ProductListResponse+Converter.swift"; sourceTree = "<group>"; };
		FEDF44AA2097E5C500968E32 /* ProductResponse+Converter.swift */ = {isa = PBXFileReference; lastKnownFileType = sourcecode.swift; path = "ProductResponse+Converter.swift"; sourceTree = "<group>"; };
		FEDF44AD2097E74600968E32 /* Date+Utils.swift */ = {isa = PBXFileReference; lastKnownFileType = sourcecode.swift; path = "Date+Utils.swift"; sourceTree = "<group>"; };
		FEDF44AF2097E7AE00968E32 /* Label.swift */ = {isa = PBXFileReference; lastKnownFileType = sourcecode.swift; path = Label.swift; sourceTree = "<group>"; };
		FEDF44B12097E80500968E32 /* Badge.swift */ = {isa = PBXFileReference; lastKnownFileType = sourcecode.swift; path = Badge.swift; sourceTree = "<group>"; };
		FEDF44B32097E83D00968E32 /* Shop.swift */ = {isa = PBXFileReference; lastKnownFileType = sourcecode.swift; path = Shop.swift; sourceTree = "<group>"; };
		FEDF44B52097E8AC00968E32 /* WholesalePrice.swift */ = {isa = PBXFileReference; lastKnownFileType = sourcecode.swift; path = WholesalePrice.swift; sourceTree = "<group>"; };
		FEDF44B82097F0B400968E32 /* ProductViewParam.swift */ = {isa = PBXFileReference; lastKnownFileType = sourcecode.swift; path = ProductViewParam.swift; sourceTree = "<group>"; };
		FEDF44BA2097F81400968E32 /* ProductApiServiceMock.swift */ = {isa = PBXFileReference; lastKnownFileType = sourcecode.swift; path = ProductApiServiceMock.swift; sourceTree = "<group>"; };
		FEDF44BD209804E700968E32 /* MainViewModel.swift */ = {isa = PBXFileReference; lastKnownFileType = sourcecode.swift; path = MainViewModel.swift; sourceTree = "<group>"; };
		FEDF44BF209809CD00968E32 /* ProductCollectionViewCell.swift */ = {isa = PBXFileReference; lastKnownFileType = sourcecode.swift; path = ProductCollectionViewCell.swift; sourceTree = "<group>"; };
		FEDF44C0209809CD00968E32 /* ProductCollectionViewCell.xib */ = {isa = PBXFileReference; lastKnownFileType = file.xib; path = ProductCollectionViewCell.xib; sourceTree = "<group>"; };
		FEFD8DC1209738FF005CD40F /* Mini-Tokopedia.app */ = {isa = PBXFileReference; explicitFileType = wrapper.application; includeInIndex = 0; path = "Mini-Tokopedia.app"; sourceTree = BUILT_PRODUCTS_DIR; };
		FEFD8DC4209738FF005CD40F /* AppDelegate.swift */ = {isa = PBXFileReference; lastKnownFileType = sourcecode.swift; path = AppDelegate.swift; sourceTree = "<group>"; };
		FEFD8DC9209738FF005CD40F /* Base */ = {isa = PBXFileReference; lastKnownFileType = file.storyboard; name = Base; path = Base.lproj/Main.storyboard; sourceTree = "<group>"; };
		FEFD8DCB20973900005CD40F /* Assets.xcassets */ = {isa = PBXFileReference; lastKnownFileType = folder.assetcatalog; path = Assets.xcassets; sourceTree = "<group>"; };
		FEFD8DCE20973900005CD40F /* Base */ = {isa = PBXFileReference; lastKnownFileType = file.storyboard; name = Base; path = Base.lproj/LaunchScreen.storyboard; sourceTree = "<group>"; };
		FEFD8DD020973900005CD40F /* Info.plist */ = {isa = PBXFileReference; lastKnownFileType = text.plist.xml; path = Info.plist; sourceTree = "<group>"; };
		FEFD8DD520973900005CD40F /* Mini-TokopediaTests.xctest */ = {isa = PBXFileReference; explicitFileType = wrapper.cfbundle; includeInIndex = 0; path = "Mini-TokopediaTests.xctest"; sourceTree = BUILT_PRODUCTS_DIR; };
		FEFD8DDB20973900005CD40F /* Info.plist */ = {isa = PBXFileReference; lastKnownFileType = text.plist.xml; path = Info.plist; sourceTree = "<group>"; };
		FEFD8DEA20973D35005CD40F /* SwinjectStoryboard+Setup.swift */ = {isa = PBXFileReference; lastKnownFileType = sourcecode.swift; path = "SwinjectStoryboard+Setup.swift"; sourceTree = "<group>"; };
		FEFD8DF020974242005CD40F /* ApiClient.swift */ = {isa = PBXFileReference; lastKnownFileType = sourcecode.swift; path = ApiClient.swift; sourceTree = "<group>"; };
		FEFD8DF320974922005CD40F /* ApiClientTest.swift */ = {isa = PBXFileReference; lastKnownFileType = sourcecode.swift; path = ApiClientTest.swift; sourceTree = "<group>"; };
		FEFD8DF62097587E005CD40F /* ProductApiService.swift */ = {isa = PBXFileReference; lastKnownFileType = sourcecode.swift; path = ProductApiService.swift; sourceTree = "<group>"; };
		FEFD8DF82097592A005CD40F /* ProductResponse.swift */ = {isa = PBXFileReference; lastKnownFileType = sourcecode.swift; path = ProductResponse.swift; sourceTree = "<group>"; };
		FEFD8DFA20975CE8005CD40F /* ProductListResponse.swift */ = {isa = PBXFileReference; lastKnownFileType = sourcecode.swift; path = ProductListResponse.swift; sourceTree = "<group>"; };
		FEFD8DFC20975E07005CD40F /* StatusResponse.swift */ = {isa = PBXFileReference; lastKnownFileType = sourcecode.swift; path = StatusResponse.swift; sourceTree = "<group>"; };
		FEFD8DFE20975E22005CD40F /* HeaderResponse.swift */ = {isa = PBXFileReference; lastKnownFileType = sourcecode.swift; path = HeaderResponse.swift; sourceTree = "<group>"; };
		FEFD8E0020976844005CD40F /* WholesalePriceResponse.swift */ = {isa = PBXFileReference; lastKnownFileType = sourcecode.swift; path = WholesalePriceResponse.swift; sourceTree = "<group>"; };
		FEFD8E03209768ED005CD40F /* CategoryListResponse.swift */ = {isa = PBXFileReference; lastKnownFileType = sourcecode.swift; path = CategoryListResponse.swift; sourceTree = "<group>"; };
		FEFD8E0520976A14005CD40F /* ShopResponse.swift */ = {isa = PBXFileReference; lastKnownFileType = sourcecode.swift; path = ShopResponse.swift; sourceTree = "<group>"; };
		FEFD8E0720976E75005CD40F /* LabelResponse.swift */ = {isa = PBXFileReference; lastKnownFileType = sourcecode.swift; path = LabelResponse.swift; sourceTree = "<group>"; };
		FEFD8E09209770EF005CD40F /* BadgeResponse.swift */ = {isa = PBXFileReference; lastKnownFileType = sourcecode.swift; path = BadgeResponse.swift; sourceTree = "<group>"; };
		FEFD8E0F20977DF1005CD40F /* MainViewController.swift */ = {isa = PBXFileReference; lastKnownFileType = sourcecode.swift; path = MainViewController.swift; sourceTree = "<group>"; };
		FEFD8E112097903F005CD40F /* CategoryResponse.swift */ = {isa = PBXFileReference; lastKnownFileType = sourcecode.swift; path = CategoryResponse.swift; sourceTree = "<group>"; };
		FEFD8E142097CE56005CD40F /* ProductApiServiceTest.swift */ = {isa = PBXFileReference; lastKnownFileType = sourcecode.swift; path = ProductApiServiceTest.swift; sourceTree = "<group>"; };
/* End PBXFileReference section */

/* Begin PBXFrameworksBuildPhase section */
		FEFD8DBE209738FF005CD40F /* Frameworks */ = {
			isa = PBXFrameworksBuildPhase;
			buildActionMask = 2147483647;
			files = (
				AE4AEC35C9476229E34432BD /* Pods_Mini_Tokopedia.framework in Frameworks */,
			);
			runOnlyForDeploymentPostprocessing = 0;
		};
		FEFD8DD220973900005CD40F /* Frameworks */ = {
			isa = PBXFrameworksBuildPhase;
			buildActionMask = 2147483647;
			files = (
				2FEFCFE05C544B96A1992228 /* Pods_Mini_TokopediaTests.framework in Frameworks */,
			);
			runOnlyForDeploymentPostprocessing = 0;
		};
/* End PBXFrameworksBuildPhase section */

/* Begin PBXGroup section */
		0E7A0CC8AB08432D1DB880DD /* Frameworks */ = {
			isa = PBXGroup;
			children = (
				CD57ADB901060796551D599A /* Pods_Mini_Tokopedia.framework */,
				D15165573D3C200E5F25DE09 /* Pods_Mini_TokopediaTests.framework */,
			);
			name = Frameworks;
			sourceTree = "<group>";
		};
		2F41433AFFD51C6C34B8D4E0 /* Pods */ = {
			isa = PBXGroup;
			children = (
				83A02C586B2EC503F1D06918 /* Pods-Mini-Tokopedia.debug.xcconfig */,
				FAD85B4EA9F5ED1258CBB542 /* Pods-Mini-Tokopedia.release.xcconfig */,
				EA0E2549CC4348C00CECA740 /* Pods-Mini-TokopediaTests.debug.xcconfig */,
				E0CAB26BC181D9DAA983F3EC /* Pods-Mini-TokopediaTests.release.xcconfig */,
			);
			name = Pods;
			sourceTree = "<group>";
		};
		FE2DDB07209841CE00F800C5 /* ViewModelTests */ = {
			isa = PBXGroup;
			children = (
				FE2DDB08209841E300F800C5 /* MainViewModelTest.swift */,
				FE88ADC9209988DA00DDA696 /* FilterViewModelTest.swift */,
			);
			path = ViewModelTests;
			sourceTree = "<group>";
		};
		FEDF449C2097D21F00968E32 /* Utils */ = {
			isa = PBXGroup;
			children = (
				FEDF449D2097D23000968E32 /* ApiResponseTestUtil.swift */,
			);
			path = Utils;
			sourceTree = "<group>";
		};
		FEDF449F2097DC0B00968E32 /* InteractorTests */ = {
			isa = PBXGroup;
			children = (
				FEDF44A02097DC2A00968E32 /* DisplaySearchResultTest.swift */,
			);
			path = InteractorTests;
			sourceTree = "<group>";
		};
		FEDF44AC2097E73500968E32 /* Utils */ = {
			isa = PBXGroup;
			children = (
				FEDF44AD2097E74600968E32 /* Date+Utils.swift */,
				FE2DDB03209840BE00F800C5 /* UIImageView+Utils.swift */,
				FE2DDB052098412200F800C5 /* ViewUtils.swift */,
				FE88ADC32099379E00DDA696 /* NSNumber+Utils.swift */,
			);
			path = Utils;
			sourceTree = "<group>";
		};
		FEDF44B72097F09800968E32 /* ViewParams */ = {
			isa = PBXGroup;
			children = (
				FEDF44B82097F0B400968E32 /* ProductViewParam.swift */,
			);
			path = ViewParams;
			sourceTree = "<group>";
		};
		FEDF44BC209804C600968E32 /* ViewModels */ = {
			isa = PBXGroup;
			children = (
				FEDF44BD209804E700968E32 /* MainViewModel.swift */,
				FE88ADC72099859E00DDA696 /* FilterViewModel.swift */,
			);
			path = ViewModels;
			sourceTree = "<group>";
		};
		FEFD8DB8209738FF005CD40F = {
			isa = PBXGroup;
			children = (
				FEFD8DC3209738FF005CD40F /* Mini-Tokopedia */,
				FEFD8DD820973900005CD40F /* Mini-TokopediaTests */,
				FEFD8DC2209738FF005CD40F /* Products */,
				2F41433AFFD51C6C34B8D4E0 /* Pods */,
				0E7A0CC8AB08432D1DB880DD /* Frameworks */,
			);
			sourceTree = "<group>";
		};
		FEFD8DC2209738FF005CD40F /* Products */ = {
			isa = PBXGroup;
			children = (
				FEFD8DC1209738FF005CD40F /* Mini-Tokopedia.app */,
				FEFD8DD520973900005CD40F /* Mini-TokopediaTests.xctest */,
			);
			name = Products;
			sourceTree = "<group>";
		};
		FEFD8DC3209738FF005CD40F /* Mini-Tokopedia */ = {
			isa = PBXGroup;
			children = (
				FEFD8DE720973D02005CD40F /* Storyboards */,
				FEFD8DE820973D11005CD40F /* Views */,
				FEDF44BC209804C600968E32 /* ViewModels */,
				FEFD8DE620973CFB005CD40F /* Interactors */,
				FEFD8DE520973CF0005CD40F /* Adapters */,
				FEFD8DE920973D17005CD40F /* Entities */,
				FEFD8DE420973CE1005CD40F /* App */,
				FEDF44AC2097E73500968E32 /* Utils */,
				FEFD8DCB20973900005CD40F /* Assets.xcassets */,
				FEFD8DCD20973900005CD40F /* LaunchScreen.storyboard */,
				FEFD8DD020973900005CD40F /* Info.plist */,
			);
			path = "Mini-Tokopedia";
			sourceTree = "<group>";
		};
		FEFD8DD820973900005CD40F /* Mini-TokopediaTests */ = {
			isa = PBXGroup;
			children = (
				FE2DDB07209841CE00F800C5 /* ViewModelTests */,
				FEDF449F2097DC0B00968E32 /* InteractorTests */,
				FEFD8DF2209748FE005CD40F /* IntegrationTests */,
				FEFD8DF52097582F005CD40F /* Mocks */,
				FEDF449C2097D21F00968E32 /* Utils */,
				FEFD8DDB20973900005CD40F /* Info.plist */,
			);
			path = "Mini-TokopediaTests";
			sourceTree = "<group>";
		};
		FEFD8DE420973CE1005CD40F /* App */ = {
			isa = PBXGroup;
			children = (
				FEFD8DC4209738FF005CD40F /* AppDelegate.swift */,
				FEFD8DEA20973D35005CD40F /* SwinjectStoryboard+Setup.swift */,
			);
			path = App;
			sourceTree = "<group>";
		};
		FEFD8DE520973CF0005CD40F /* Adapters */ = {
			isa = PBXGroup;
			children = (
				FEFD8DF020974242005CD40F /* ApiClient.swift */,
				FEFD8DF62097587E005CD40F /* ProductApiService.swift */,
			);
			path = Adapters;
			sourceTree = "<group>";
		};
		FEFD8DE620973CFB005CD40F /* Interactors */ = {
			isa = PBXGroup;
			children = (
				FEDF44A22097DD0300968E32 /* DisplaySearchResult.swift */,
			);
			path = Interactors;
			sourceTree = "<group>";
		};
		FEFD8DE720973D02005CD40F /* Storyboards */ = {
			isa = PBXGroup;
			children = (
				FEFD8DC8209738FF005CD40F /* Main.storyboard */,
				FEFD8E0F20977DF1005CD40F /* MainViewController.swift */,
				FEBC9D8F2098B66A00B56220 /* FilterViewController.swift */,
				FE88ADC520996B1400DDA696 /* ShopTypeViewController.swift */,
			);
			path = Storyboards;
			sourceTree = "<group>";
		};
		FEFD8DE820973D11005CD40F /* Views */ = {
			isa = PBXGroup;
			children = (
				FEDF44BF209809CD00968E32 /* ProductCollectionViewCell.swift */,
				FEDF44C0209809CD00968E32 /* ProductCollectionViewCell.xib */,
				FE88ADCB209991DC00DDA696 /* ShopTypeCollectionViewCell.swift */,
				FE88ADCC209991DC00DDA696 /* ShopTypeCollectionViewCell.xib */,
			);
			path = Views;
			sourceTree = "<group>";
		};
		FEFD8DE920973D17005CD40F /* Entities */ = {
			isa = PBXGroup;
			children = (
				FEDF44B72097F09800968E32 /* ViewParams */,
				FEFD8E0220976854005CD40F /* Responses */,
				FEDF44A42097DE0400968E32 /* Product.swift */,
				FEDF44AF2097E7AE00968E32 /* Label.swift */,
				FEDF44B12097E80500968E32 /* Badge.swift */,
				FEDF44B32097E83D00968E32 /* Shop.swift */,
				FEDF44B52097E8AC00968E32 /* WholesalePrice.swift */,
				FE88ADC12099373300DDA696 /* FilterInfo.swift */,
			);
			path = Entities;
			sourceTree = "<group>";
		};
		FEFD8DF2209748FE005CD40F /* IntegrationTests */ = {
			isa = PBXGroup;
			children = (
				FEFD8E142097CE56005CD40F /* ProductApiServiceTest.swift */,
				FEFD8DF320974922005CD40F /* ApiClientTest.swift */,
			);
			path = IntegrationTests;
			sourceTree = "<group>";
		};
		FEFD8DF52097582F005CD40F /* Mocks */ = {
			isa = PBXGroup;
			children = (
				FEDF44BA2097F81400968E32 /* ProductApiServiceMock.swift */,
				FE88ADCF2099B0A400DDA696 /* DisplaySearchResultMock.swift */,
			);
			path = Mocks;
			sourceTree = "<group>";
		};
		FEFD8E0220976854005CD40F /* Responses */ = {
			isa = PBXGroup;
			children = (
				FEFD8DF82097592A005CD40F /* ProductResponse.swift */,
				FEDF44AA2097E5C500968E32 /* ProductResponse+Converter.swift */,
				FEFD8DFA20975CE8005CD40F /* ProductListResponse.swift */,
				FEDF44A82097E57100968E32 /* ProductListResponse+Converter.swift */,
				FEFD8DFC20975E07005CD40F /* StatusResponse.swift */,
				FEFD8DFE20975E22005CD40F /* HeaderResponse.swift */,
				FEFD8E0020976844005CD40F /* WholesalePriceResponse.swift */,
				FEFD8E03209768ED005CD40F /* CategoryListResponse.swift */,
				FEFD8E0520976A14005CD40F /* ShopResponse.swift */,
				FEFD8E0720976E75005CD40F /* LabelResponse.swift */,
				FEFD8E09209770EF005CD40F /* BadgeResponse.swift */,
				FEFD8E112097903F005CD40F /* CategoryResponse.swift */,
			);
			path = Responses;
			sourceTree = "<group>";
		};
/* End PBXGroup section */

/* Begin PBXNativeTarget section */
		FEFD8DC0209738FF005CD40F /* Mini-Tokopedia */ = {
			isa = PBXNativeTarget;
			buildConfigurationList = FEFD8DDE20973900005CD40F /* Build configuration list for PBXNativeTarget "Mini-Tokopedia" */;
			buildPhases = (
				66BFA5E1E13EFA4F708CE2EF /* [CP] Check Pods Manifest.lock */,
				FEFD8DBD209738FF005CD40F /* Sources */,
				FEFD8DBE209738FF005CD40F /* Frameworks */,
				FEFD8DBF209738FF005CD40F /* Resources */,
				F2556C4AB40D162872EA923E /* [CP] Embed Pods Frameworks */,
			);
			buildRules = (
			);
			dependencies = (
			);
			name = "Mini-Tokopedia";
			productName = "Mini-Tokopedia";
			productReference = FEFD8DC1209738FF005CD40F /* Mini-Tokopedia.app */;
			productType = "com.apple.product-type.application";
		};
		FEFD8DD420973900005CD40F /* Mini-TokopediaTests */ = {
			isa = PBXNativeTarget;
			buildConfigurationList = FEFD8DE120973900005CD40F /* Build configuration list for PBXNativeTarget "Mini-TokopediaTests" */;
			buildPhases = (
				1E3D98942ED585C8910ED614 /* [CP] Check Pods Manifest.lock */,
				FEFD8DD120973900005CD40F /* Sources */,
				FEFD8DD220973900005CD40F /* Frameworks */,
				FEFD8DD320973900005CD40F /* Resources */,
			);
			buildRules = (
			);
			dependencies = (
				FEFD8DD720973900005CD40F /* PBXTargetDependency */,
			);
			name = "Mini-TokopediaTests";
			productName = "Mini-TokopediaTests";
			productReference = FEFD8DD520973900005CD40F /* Mini-TokopediaTests.xctest */;
			productType = "com.apple.product-type.bundle.unit-test";
		};
/* End PBXNativeTarget section */

/* Begin PBXProject section */
		FEFD8DB9209738FF005CD40F /* Project object */ = {
			isa = PBXProject;
			attributes = {
				LastSwiftUpdateCheck = 0930;
				LastUpgradeCheck = 0930;
				ORGANIZATIONNAME = Doddy;
				TargetAttributes = {
					FEFD8DC0209738FF005CD40F = {
						CreatedOnToolsVersion = 9.3;
					};
					FEFD8DD420973900005CD40F = {
						CreatedOnToolsVersion = 9.3;
						TestTargetID = FEFD8DC0209738FF005CD40F;
					};
				};
			};
			buildConfigurationList = FEFD8DBC209738FF005CD40F /* Build configuration list for PBXProject "Mini-Tokopedia" */;
			compatibilityVersion = "Xcode 9.3";
			developmentRegion = en;
			hasScannedForEncodings = 0;
			knownRegions = (
				en,
				Base,
			);
			mainGroup = FEFD8DB8209738FF005CD40F;
			productRefGroup = FEFD8DC2209738FF005CD40F /* Products */;
			projectDirPath = "";
			projectRoot = "";
			targets = (
				FEFD8DC0209738FF005CD40F /* Mini-Tokopedia */,
				FEFD8DD420973900005CD40F /* Mini-TokopediaTests */,
			);
		};
/* End PBXProject section */

/* Begin PBXResourcesBuildPhase section */
		FEFD8DBF209738FF005CD40F /* Resources */ = {
			isa = PBXResourcesBuildPhase;
			buildActionMask = 2147483647;
			files = (
				FEFD8DCF20973900005CD40F /* LaunchScreen.storyboard in Resources */,
				FEFD8DCC20973900005CD40F /* Assets.xcassets in Resources */,
				FEDF44C2209809CD00968E32 /* ProductCollectionViewCell.xib in Resources */,
				FEFD8DCA209738FF005CD40F /* Main.storyboard in Resources */,
				FE88ADCE209991DC00DDA696 /* ShopTypeCollectionViewCell.xib in Resources */,
			);
			runOnlyForDeploymentPostprocessing = 0;
		};
		FEFD8DD320973900005CD40F /* Resources */ = {
			isa = PBXResourcesBuildPhase;
			buildActionMask = 2147483647;
			files = (
			);
			runOnlyForDeploymentPostprocessing = 0;
		};
/* End PBXResourcesBuildPhase section */

/* Begin PBXShellScriptBuildPhase section */
		1E3D98942ED585C8910ED614 /* [CP] Check Pods Manifest.lock */ = {
			isa = PBXShellScriptBuildPhase;
			buildActionMask = 2147483647;
			files = (
			);
			inputPaths = (
				"${PODS_PODFILE_DIR_PATH}/Podfile.lock",
				"${PODS_ROOT}/Manifest.lock",
			);
			name = "[CP] Check Pods Manifest.lock";
			outputPaths = (
				"$(DERIVED_FILE_DIR)/Pods-Mini-TokopediaTests-checkManifestLockResult.txt",
			);
			runOnlyForDeploymentPostprocessing = 0;
			shellPath = /bin/sh;
			shellScript = "diff \"${PODS_PODFILE_DIR_PATH}/Podfile.lock\" \"${PODS_ROOT}/Manifest.lock\" > /dev/null\nif [ $? != 0 ] ; then\n    # print error to STDERR\n    echo \"error: The sandbox is not in sync with the Podfile.lock. Run 'pod install' or update your CocoaPods installation.\" >&2\n    exit 1\nfi\n# This output is used by Xcode 'outputs' to avoid re-running this script phase.\necho \"SUCCESS\" > \"${SCRIPT_OUTPUT_FILE_0}\"\n";
			showEnvVarsInLog = 0;
		};
		66BFA5E1E13EFA4F708CE2EF /* [CP] Check Pods Manifest.lock */ = {
			isa = PBXShellScriptBuildPhase;
			buildActionMask = 2147483647;
			files = (
			);
			inputPaths = (
				"${PODS_PODFILE_DIR_PATH}/Podfile.lock",
				"${PODS_ROOT}/Manifest.lock",
			);
			name = "[CP] Check Pods Manifest.lock";
			outputPaths = (
				"$(DERIVED_FILE_DIR)/Pods-Mini-Tokopedia-checkManifestLockResult.txt",
			);
			runOnlyForDeploymentPostprocessing = 0;
			shellPath = /bin/sh;
			shellScript = "diff \"${PODS_PODFILE_DIR_PATH}/Podfile.lock\" \"${PODS_ROOT}/Manifest.lock\" > /dev/null\nif [ $? != 0 ] ; then\n    # print error to STDERR\n    echo \"error: The sandbox is not in sync with the Podfile.lock. Run 'pod install' or update your CocoaPods installation.\" >&2\n    exit 1\nfi\n# This output is used by Xcode 'outputs' to avoid re-running this script phase.\necho \"SUCCESS\" > \"${SCRIPT_OUTPUT_FILE_0}\"\n";
			showEnvVarsInLog = 0;
		};
		F2556C4AB40D162872EA923E /* [CP] Embed Pods Frameworks */ = {
			isa = PBXShellScriptBuildPhase;
			buildActionMask = 2147483647;
			files = (
			);
			inputPaths = (
				"${SRCROOT}/Pods/Target Support Files/Pods-Mini-Tokopedia/Pods-Mini-Tokopedia-frameworks.sh",
				"${BUILT_PRODUCTS_DIR}/Alamofire/Alamofire.framework",
				"${BUILT_PRODUCTS_DIR}/Kingfisher/Kingfisher.framework",
				"${BUILT_PRODUCTS_DIR}/R.swift.Library/Rswift.framework",
				"${BUILT_PRODUCTS_DIR}/RangeSeekSlider/RangeSeekSlider.framework",
				"${BUILT_PRODUCTS_DIR}/RxBlocking/RxBlocking.framework",
				"${BUILT_PRODUCTS_DIR}/RxCocoa/RxCocoa.framework",
				"${BUILT_PRODUCTS_DIR}/RxSwift/RxSwift.framework",
				"${BUILT_PRODUCTS_DIR}/SegueManager/SegueManager.framework",
				"${BUILT_PRODUCTS_DIR}/Swinject/Swinject.framework",
				"${BUILT_PRODUCTS_DIR}/SwinjectStoryboard/SwinjectStoryboard.framework",
				"${BUILT_PRODUCTS_DIR}/UIScrollView-InfiniteScroll/UIScrollView_InfiniteScroll.framework",
			);
			name = "[CP] Embed Pods Frameworks";
			outputPaths = (
				"${TARGET_BUILD_DIR}/${FRAMEWORKS_FOLDER_PATH}/Alamofire.framework",
				"${TARGET_BUILD_DIR}/${FRAMEWORKS_FOLDER_PATH}/Kingfisher.framework",
				"${TARGET_BUILD_DIR}/${FRAMEWORKS_FOLDER_PATH}/Rswift.framework",
				"${TARGET_BUILD_DIR}/${FRAMEWORKS_FOLDER_PATH}/RangeSeekSlider.framework",
				"${TARGET_BUILD_DIR}/${FRAMEWORKS_FOLDER_PATH}/RxBlocking.framework",
				"${TARGET_BUILD_DIR}/${FRAMEWORKS_FOLDER_PATH}/RxCocoa.framework",
				"${TARGET_BUILD_DIR}/${FRAMEWORKS_FOLDER_PATH}/RxSwift.framework",
				"${TARGET_BUILD_DIR}/${FRAMEWORKS_FOLDER_PATH}/SegueManager.framework",
				"${TARGET_BUILD_DIR}/${FRAMEWORKS_FOLDER_PATH}/Swinject.framework",
				"${TARGET_BUILD_DIR}/${FRAMEWORKS_FOLDER_PATH}/SwinjectStoryboard.framework",
				"${TARGET_BUILD_DIR}/${FRAMEWORKS_FOLDER_PATH}/UIScrollView_InfiniteScroll.framework",
			);
			runOnlyForDeploymentPostprocessing = 0;
			shellPath = /bin/sh;
			shellScript = "\"${SRCROOT}/Pods/Target Support Files/Pods-Mini-Tokopedia/Pods-Mini-Tokopedia-frameworks.sh\"\n";
			showEnvVarsInLog = 0;
		};
/* End PBXShellScriptBuildPhase section */

/* Begin PBXSourcesBuildPhase section */
		FEFD8DBD209738FF005CD40F /* Sources */ = {
			isa = PBXSourcesBuildPhase;
			buildActionMask = 2147483647;
			files = (
				FE88ADC82099859E00DDA696 /* FilterViewModel.swift in Sources */,
				FEFD8E0820976E75005CD40F /* LabelResponse.swift in Sources */,
				FEFD8DF92097592A005CD40F /* ProductResponse.swift in Sources */,
				FE88ADC22099373300DDA696 /* FilterInfo.swift in Sources */,
				FEDF44AB2097E5C500968E32 /* ProductResponse+Converter.swift in Sources */,
				FEFD8DFD20975E07005CD40F /* StatusResponse.swift in Sources */,
				FEFD8DEB20973D35005CD40F /* SwinjectStoryboard+Setup.swift in Sources */,
				FEDF44BE209804E700968E32 /* MainViewModel.swift in Sources */,
				FEDF44B02097E7AE00968E32 /* Label.swift in Sources */,
				FEDF44AE2097E74600968E32 /* Date+Utils.swift in Sources */,
				FEFD8DC5209738FF005CD40F /* AppDelegate.swift in Sources */,
				FEDF44A92097E57100968E32 /* ProductListResponse+Converter.swift in Sources */,
				FEDF44A52097DE0400968E32 /* Product.swift in Sources */,
				FEFD8E0A209770EF005CD40F /* BadgeResponse.swift in Sources */,
				FEFD8DF72097587E005CD40F /* ProductApiService.swift in Sources */,
				FEFD8E1020977DF1005CD40F /* MainViewController.swift in Sources */,
				FEDF44B22097E80500968E32 /* Badge.swift in Sources */,
				FEFD8E0620976A14005CD40F /* ShopResponse.swift in Sources */,
				FE88ADC620996B1400DDA696 /* ShopTypeViewController.swift in Sources */,
				FEDF44C1209809CD00968E32 /* ProductCollectionViewCell.swift in Sources */,
				FEFD8DF120974242005CD40F /* ApiClient.swift in Sources */,
				FE2DDB04209840BE00F800C5 /* UIImageView+Utils.swift in Sources */,
				FEDF44B92097F0B400968E32 /* ProductViewParam.swift in Sources */,
				FE88ADC42099379E00DDA696 /* NSNumber+Utils.swift in Sources */,
				FEFD8DFB20975CE8005CD40F /* ProductListResponse.swift in Sources */,
				FEFD8DFF20975E22005CD40F /* HeaderResponse.swift in Sources */,
				FEFD8E04209768ED005CD40F /* CategoryListResponse.swift in Sources */,
				FE88ADCD209991DC00DDA696 /* ShopTypeCollectionViewCell.swift in Sources */,
				FEFD8E0120976844005CD40F /* WholesalePriceResponse.swift in Sources */,
				FEBC9D902098B66A00B56220 /* FilterViewController.swift in Sources */,
				FEFD8E122097903F005CD40F /* CategoryResponse.swift in Sources */,
				FEDF44B42097E83D00968E32 /* Shop.swift in Sources */,
				FEDF44B62097E8AC00968E32 /* WholesalePrice.swift in Sources */,
				FE2DDB062098412200F800C5 /* ViewUtils.swift in Sources */,
				FEDF44A32097DD0300968E32 /* DisplaySearchResult.swift in Sources */,
			);
			runOnlyForDeploymentPostprocessing = 0;
		};
		FEFD8DD120973900005CD40F /* Sources */ = {
			isa = PBXSourcesBuildPhase;
			buildActionMask = 2147483647;
			files = (
				FEFD8E152097CE56005CD40F /* ProductApiServiceTest.swift in Sources */,
				FE2DDB09209841E300F800C5 /* MainViewModelTest.swift in Sources */,
				FEFD8DF420974922005CD40F /* ApiClientTest.swift in Sources */,
				FEDF44BB2097F81400968E32 /* ProductApiServiceMock.swift in Sources */,
				FEDF449E2097D23000968E32 /* ApiResponseTestUtil.swift in Sources */,
				FE88ADD02099B0A400DDA696 /* DisplaySearchResultMock.swift in Sources */,
				FE88ADCA209988DA00DDA696 /* FilterViewModelTest.swift in Sources */,
				FEDF44A12097DC2A00968E32 /* DisplaySearchResultTest.swift in Sources */,
			);
			runOnlyForDeploymentPostprocessing = 0;
		};
/* End PBXSourcesBuildPhase section */

/* Begin PBXTargetDependency section */
		FEFD8DD720973900005CD40F /* PBXTargetDependency */ = {
			isa = PBXTargetDependency;
			target = FEFD8DC0209738FF005CD40F /* Mini-Tokopedia */;
			targetProxy = FEFD8DD620973900005CD40F /* PBXContainerItemProxy */;
		};
/* End PBXTargetDependency section */

/* Begin PBXVariantGroup section */
		FEFD8DC8209738FF005CD40F /* Main.storyboard */ = {
			isa = PBXVariantGroup;
			children = (
				FEFD8DC9209738FF005CD40F /* Base */,
			);
			name = Main.storyboard;
			sourceTree = "<group>";
		};
		FEFD8DCD20973900005CD40F /* LaunchScreen.storyboard */ = {
			isa = PBXVariantGroup;
			children = (
				FEFD8DCE20973900005CD40F /* Base */,
			);
			name = LaunchScreen.storyboard;
			sourceTree = "<group>";
		};
/* End PBXVariantGroup section */

/* Begin XCBuildConfiguration section */
		FEFD8DDC20973900005CD40F /* Debug */ = {
			isa = XCBuildConfiguration;
			buildSettings = {
				ALWAYS_SEARCH_USER_PATHS = NO;
				CLANG_ANALYZER_NONNULL = YES;
				CLANG_ANALYZER_NUMBER_OBJECT_CONVERSION = YES_AGGRESSIVE;
				CLANG_CXX_LANGUAGE_STANDARD = "gnu++14";
				CLANG_CXX_LIBRARY = "libc++";
				CLANG_ENABLE_MODULES = YES;
				CLANG_ENABLE_OBJC_ARC = YES;
				CLANG_ENABLE_OBJC_WEAK = YES;
				CLANG_WARN_BLOCK_CAPTURE_AUTORELEASING = YES;
				CLANG_WARN_BOOL_CONVERSION = YES;
				CLANG_WARN_COMMA = YES;
				CLANG_WARN_CONSTANT_CONVERSION = YES;
				CLANG_WARN_DEPRECATED_OBJC_IMPLEMENTATIONS = YES;
				CLANG_WARN_DIRECT_OBJC_ISA_USAGE = YES_ERROR;
				CLANG_WARN_DOCUMENTATION_COMMENTS = YES;
				CLANG_WARN_EMPTY_BODY = YES;
				CLANG_WARN_ENUM_CONVERSION = YES;
				CLANG_WARN_INFINITE_RECURSION = YES;
				CLANG_WARN_INT_CONVERSION = YES;
				CLANG_WARN_NON_LITERAL_NULL_CONVERSION = YES;
				CLANG_WARN_OBJC_IMPLICIT_RETAIN_SELF = YES;
				CLANG_WARN_OBJC_LITERAL_CONVERSION = YES;
				CLANG_WARN_OBJC_ROOT_CLASS = YES_ERROR;
				CLANG_WARN_RANGE_LOOP_ANALYSIS = YES;
				CLANG_WARN_STRICT_PROTOTYPES = YES;
				CLANG_WARN_SUSPICIOUS_MOVE = YES;
				CLANG_WARN_UNGUARDED_AVAILABILITY = YES_AGGRESSIVE;
				CLANG_WARN_UNREACHABLE_CODE = YES;
				CLANG_WARN__DUPLICATE_METHOD_MATCH = YES;
				CODE_SIGN_IDENTITY = "iPhone Developer";
				COPY_PHASE_STRIP = NO;
				DEBUG_INFORMATION_FORMAT = dwarf;
				ENABLE_STRICT_OBJC_MSGSEND = YES;
				ENABLE_TESTABILITY = YES;
				GCC_C_LANGUAGE_STANDARD = gnu11;
				GCC_DYNAMIC_NO_PIC = NO;
				GCC_NO_COMMON_BLOCKS = YES;
				GCC_OPTIMIZATION_LEVEL = 0;
				GCC_PREPROCESSOR_DEFINITIONS = (
					"DEBUG=1",
					"$(inherited)",
				);
				GCC_WARN_64_TO_32_BIT_CONVERSION = YES;
				GCC_WARN_ABOUT_RETURN_TYPE = YES_ERROR;
				GCC_WARN_UNDECLARED_SELECTOR = YES;
				GCC_WARN_UNINITIALIZED_AUTOS = YES_AGGRESSIVE;
				GCC_WARN_UNUSED_FUNCTION = YES;
				GCC_WARN_UNUSED_VARIABLE = YES;
				IPHONEOS_DEPLOYMENT_TARGET = 11.3;
				MTL_ENABLE_DEBUG_INFO = YES;
				ONLY_ACTIVE_ARCH = YES;
				SDKROOT = iphoneos;
				SWIFT_ACTIVE_COMPILATION_CONDITIONS = DEBUG;
				SWIFT_OPTIMIZATION_LEVEL = "-Onone";
			};
			name = Debug;
		};
		FEFD8DDD20973900005CD40F /* Release */ = {
			isa = XCBuildConfiguration;
			buildSettings = {
				ALWAYS_SEARCH_USER_PATHS = NO;
				CLANG_ANALYZER_NONNULL = YES;
				CLANG_ANALYZER_NUMBER_OBJECT_CONVERSION = YES_AGGRESSIVE;
				CLANG_CXX_LANGUAGE_STANDARD = "gnu++14";
				CLANG_CXX_LIBRARY = "libc++";
				CLANG_ENABLE_MODULES = YES;
				CLANG_ENABLE_OBJC_ARC = YES;
				CLANG_ENABLE_OBJC_WEAK = YES;
				CLANG_WARN_BLOCK_CAPTURE_AUTORELEASING = YES;
				CLANG_WARN_BOOL_CONVERSION = YES;
				CLANG_WARN_COMMA = YES;
				CLANG_WARN_CONSTANT_CONVERSION = YES;
				CLANG_WARN_DEPRECATED_OBJC_IMPLEMENTATIONS = YES;
				CLANG_WARN_DIRECT_OBJC_ISA_USAGE = YES_ERROR;
				CLANG_WARN_DOCUMENTATION_COMMENTS = YES;
				CLANG_WARN_EMPTY_BODY = YES;
				CLANG_WARN_ENUM_CONVERSION = YES;
				CLANG_WARN_INFINITE_RECURSION = YES;
				CLANG_WARN_INT_CONVERSION = YES;
				CLANG_WARN_NON_LITERAL_NULL_CONVERSION = YES;
				CLANG_WARN_OBJC_IMPLICIT_RETAIN_SELF = YES;
				CLANG_WARN_OBJC_LITERAL_CONVERSION = YES;
				CLANG_WARN_OBJC_ROOT_CLASS = YES_ERROR;
				CLANG_WARN_RANGE_LOOP_ANALYSIS = YES;
				CLANG_WARN_STRICT_PROTOTYPES = YES;
				CLANG_WARN_SUSPICIOUS_MOVE = YES;
				CLANG_WARN_UNGUARDED_AVAILABILITY = YES_AGGRESSIVE;
				CLANG_WARN_UNREACHABLE_CODE = YES;
				CLANG_WARN__DUPLICATE_METHOD_MATCH = YES;
				CODE_SIGN_IDENTITY = "iPhone Developer";
				COPY_PHASE_STRIP = NO;
				DEBUG_INFORMATION_FORMAT = "dwarf-with-dsym";
				ENABLE_NS_ASSERTIONS = NO;
				ENABLE_STRICT_OBJC_MSGSEND = YES;
				GCC_C_LANGUAGE_STANDARD = gnu11;
				GCC_NO_COMMON_BLOCKS = YES;
				GCC_WARN_64_TO_32_BIT_CONVERSION = YES;
				GCC_WARN_ABOUT_RETURN_TYPE = YES_ERROR;
				GCC_WARN_UNDECLARED_SELECTOR = YES;
				GCC_WARN_UNINITIALIZED_AUTOS = YES_AGGRESSIVE;
				GCC_WARN_UNUSED_FUNCTION = YES;
				GCC_WARN_UNUSED_VARIABLE = YES;
				IPHONEOS_DEPLOYMENT_TARGET = 11.3;
				MTL_ENABLE_DEBUG_INFO = NO;
				SDKROOT = iphoneos;
				SWIFT_COMPILATION_MODE = wholemodule;
				SWIFT_OPTIMIZATION_LEVEL = "-O";
				VALIDATE_PRODUCT = YES;
			};
			name = Release;
		};
		FEFD8DDF20973900005CD40F /* Debug */ = {
			isa = XCBuildConfiguration;
			baseConfigurationReference = 83A02C586B2EC503F1D06918 /* Pods-Mini-Tokopedia.debug.xcconfig */;
			buildSettings = {
				ASSETCATALOG_COMPILER_APPICON_NAME = AppIcon;
				CODE_SIGN_STYLE = Automatic;
				DEVELOPMENT_TEAM = BA6UYG89K8;
				INFOPLIST_FILE = "Mini-Tokopedia/Info.plist";
				IPHONEOS_DEPLOYMENT_TARGET = 9.0;
				LD_RUNPATH_SEARCH_PATHS = (
					"$(inherited)",
					"@executable_path/Frameworks",
				);
				PRODUCT_BUNDLE_IDENTIFIER = "com.doddy.Mini-Tokopedia";
				PRODUCT_NAME = "$(TARGET_NAME)";
				SWIFT_VERSION = 4.0;
				TARGETED_DEVICE_FAMILY = "1,2";
			};
			name = Debug;
		};
		FEFD8DE020973900005CD40F /* Release */ = {
			isa = XCBuildConfiguration;
			baseConfigurationReference = FAD85B4EA9F5ED1258CBB542 /* Pods-Mini-Tokopedia.release.xcconfig */;
			buildSettings = {
				ASSETCATALOG_COMPILER_APPICON_NAME = AppIcon;
				CODE_SIGN_STYLE = Automatic;
				DEVELOPMENT_TEAM = BA6UYG89K8;
				INFOPLIST_FILE = "Mini-Tokopedia/Info.plist";
				IPHONEOS_DEPLOYMENT_TARGET = 9.0;
				LD_RUNPATH_SEARCH_PATHS = (
					"$(inherited)",
					"@executable_path/Frameworks",
				);
				PRODUCT_BUNDLE_IDENTIFIER = "com.doddy.Mini-Tokopedia";
				PRODUCT_NAME = "$(TARGET_NAME)";
				SWIFT_VERSION = 4.0;
				TARGETED_DEVICE_FAMILY = "1,2";
			};
			name = Release;
		};
		FEFD8DE220973900005CD40F /* Debug */ = {
			isa = XCBuildConfiguration;
			baseConfigurationReference = EA0E2549CC4348C00CECA740 /* Pods-Mini-TokopediaTests.debug.xcconfig */;
			buildSettings = {
				ALWAYS_EMBED_SWIFT_STANDARD_LIBRARIES = YES;
				BUNDLE_LOADER = "$(TEST_HOST)";
				CODE_SIGN_STYLE = Automatic;
				DEVELOPMENT_TEAM = BA6UYG89K8;
				INFOPLIST_FILE = "Mini-TokopediaTests/Info.plist";
				LD_RUNPATH_SEARCH_PATHS = (
					"$(inherited)",
					"@executable_path/Frameworks",
					"@loader_path/Frameworks",
				);
				PRODUCT_BUNDLE_IDENTIFIER = "com.doddy.Mini-TokopediaTests";
				PRODUCT_NAME = "$(TARGET_NAME)";
				SWIFT_VERSION = 4.0;
				TARGETED_DEVICE_FAMILY = "1,2";
				TEST_HOST = "$(BUILT_PRODUCTS_DIR)/Mini-Tokopedia.app/Mini-Tokopedia";
			};
			name = Debug;
		};
		FEFD8DE320973900005CD40F /* Release */ = {
			isa = XCBuildConfiguration;
			baseConfigurationReference = E0CAB26BC181D9DAA983F3EC /* Pods-Mini-TokopediaTests.release.xcconfig */;
			buildSettings = {
				ALWAYS_EMBED_SWIFT_STANDARD_LIBRARIES = YES;
				BUNDLE_LOADER = "$(TEST_HOST)";
				CODE_SIGN_STYLE = Automatic;
				DEVELOPMENT_TEAM = BA6UYG89K8;
				INFOPLIST_FILE = "Mini-TokopediaTests/Info.plist";
				LD_RUNPATH_SEARCH_PATHS = (
					"$(inherited)",
					"@executable_path/Frameworks",
					"@loader_path/Frameworks",
				);
				PRODUCT_BUNDLE_IDENTIFIER = "com.doddy.Mini-TokopediaTests";
				PRODUCT_NAME = "$(TARGET_NAME)";
				SWIFT_VERSION = 4.0;
				TARGETED_DEVICE_FAMILY = "1,2";
				TEST_HOST = "$(BUILT_PRODUCTS_DIR)/Mini-Tokopedia.app/Mini-Tokopedia";
			};
			name = Release;
		};
/* End XCBuildConfiguration section */

/* Begin XCConfigurationList section */
		FEFD8DBC209738FF005CD40F /* Build configuration list for PBXProject "Mini-Tokopedia" */ = {
			isa = XCConfigurationList;
			buildConfigurations = (
				FEFD8DDC20973900005CD40F /* Debug */,
				FEFD8DDD20973900005CD40F /* Release */,
			);
			defaultConfigurationIsVisible = 0;
			defaultConfigurationName = Release;
		};
		FEFD8DDE20973900005CD40F /* Build configuration list for PBXNativeTarget "Mini-Tokopedia" */ = {
			isa = XCConfigurationList;
			buildConfigurations = (
				FEFD8DDF20973900005CD40F /* Debug */,
				FEFD8DE020973900005CD40F /* Release */,
			);
			defaultConfigurationIsVisible = 0;
			defaultConfigurationName = Release;
		};
		FEFD8DE120973900005CD40F /* Build configuration list for PBXNativeTarget "Mini-TokopediaTests" */ = {
			isa = XCConfigurationList;
			buildConfigurations = (
				FEFD8DE220973900005CD40F /* Debug */,
				FEFD8DE320973900005CD40F /* Release */,
			);
			defaultConfigurationIsVisible = 0;
			defaultConfigurationName = Release;
		};
/* End XCConfigurationList section */
	};
	rootObject = FEFD8DB9209738FF005CD40F /* Project object */;
}
